
Microsoft Visual Studio Solution File, Format Version 12.00
# Visual Studio Version 17
VisualStudioVersion = 17.11.35312.102
MinimumVisualStudioVersion = 10.0.40219.1
Project("{FAE04EC0-301F-11D3-BF4B-00C04F79EFBC}") = "KOI_POND", "KOI_POND\KOI_POND.csproj", "{1B26FD53-4EED-4D4F-A6C7-C6A2C014FF83}"
EndProject
Global
	GlobalSection(SolutionConfigurationPlatforms) = preSolution
		Debug|Any CPU = Debug|Any CPU
		Release|Any CPU = Release|Any CPU
	EndGlobalSection
	GlobalSection(ProjectConfigurationPlatforms) = postSolution
		{1B26FD53-4EED-4D4F-A6C7-C6A2C014FF83}.Debug|Any CPU.ActiveCfg = Debug|Any CPU
		{1B26FD53-4EED-4D4F-A6C7-C6A2C014FF83}.Debug|Any CPU.Build.0 = Debug|Any CPU
		{1B26FD53-4EED-4D4F-A6C7-C6A2C014FF83}.Release|Any CPU.ActiveCfg = Release|Any CPU
		{1B26FD53-4EED-4D4F-A6C7-C6A2C014FF83}.Release|Any CPU.Build.0 = Release|Any CPU
	EndGlobalSection
	GlobalSection(SolutionProperties) = preSolution
		HideSolutionNode = FALSE
	EndGlobalSection
	GlobalSection(ExtensibilityGlobals) = postSolution
		SolutionGuid = {D36FB2B2-82A0-457F-82D2-56AB6B06E113}
	EndGlobalSection
EndGlobal
